
Microsoft Visual Studio Solution File, Format Version 12.00
# Visual Studio Version 16
VisualStudioVersion = 16.0.30011.22
MinimumVisualStudioVersion = 10.0.40219.1
Project("{FAE04EC0-301F-11D3-BF4B-00C04F79EFBC}") = "PWEB", "PWEB\PWEB.csproj", "{734BB2BF-83B0-43E6-AC12-38245F9EF6D4}"
EndProject
Global
	GlobalSection(SolutionConfigurationPlatforms) = preSolution
		Debug|Any CPU = Debug|Any CPU
		Release|Any CPU = Release|Any CPU
	EndGlobalSection
	GlobalSection(ProjectConfigurationPlatforms) = postSolution
		{734BB2BF-83B0-43E6-AC12-38245F9EF6D4}.Debug|Any CPU.ActiveCfg = Debug|Any CPU
		{734BB2BF-83B0-43E6-AC12-38245F9EF6D4}.Debug|Any CPU.Build.0 = Debug|Any CPU
		{734BB2BF-83B0-43E6-AC12-38245F9EF6D4}.Release|Any CPU.ActiveCfg = Release|Any CPU
		{734BB2BF-83B0-43E6-AC12-38245F9EF6D4}.Release|Any CPU.Build.0 = Release|Any CPU
	EndGlobalSection
	GlobalSection(SolutionProperties) = preSolution
		HideSolutionNode = FALSE
	EndGlobalSection
	GlobalSection(ExtensibilityGlobals) = postSolution
		SolutionGuid = {A70153C2-6286-4AE2-B555-9F54272796E6}
	EndGlobalSection
EndGlobal
